// !$*UTF8*$!
{
	archiveVersion = 1;
	classes = {
	};
	objectVersion = 77;
	objects = {

/* Begin PBXBuildFile section */
		B66529D82D3A81EC00B87D71 /* RNCryptor in Frameworks */ = {isa = PBXBuildFile; productRef = B66529D72D3A81EC00B87D71 /* RNCryptor */; };
		B6652A512D3DAA2E00B87D71 /* FirebaseAuth in Frameworks */ = {isa = PBXBuildFile; productRef = B6652A502D3DAA2E00B87D71 /* FirebaseAuth */; };
		B6652B402D3E4E8C00B87D71 /* .swiftlint.yml in Resources */ = {isa = PBXBuildFile; fileRef = B6652B3F2D3E4E8C00B87D71 /* .swiftlint.yml */; };
		B66532592D3EC28500B87D71 /* .gitignore in Resources */ = {isa = PBXBuildFile; fileRef = B66532582D3EC28500B87D71 /* .gitignore */; };
		B665325B2D3EC28F00B87D71 /* GoogleService-Info.plist in Resources */ = {isa = PBXBuildFile; fileRef = B665325A2D3EC28F00B87D71 /* GoogleService-Info.plist */; };
		B665325D2D3EC35300B87D71 /* README.md in Resources */ = {isa = PBXBuildFile; fileRef = B665325C2D3EC35300B87D71 /* README.md */; };
		B66533A12D3F8E0A00B87D71 /* SwiftJWT in Frameworks */ = {isa = PBXBuildFile; productRef = B66533A02D3F8E0A00B87D71 /* SwiftJWT */; };
		B698AC692D3335110086AF8C /* Functions in Frameworks */ = {isa = PBXBuildFile; productRef = B698AC682D3335110086AF8C /* Functions */; };
		B698AC6B2D3335110086AF8C /* PostgREST in Frameworks */ = {isa = PBXBuildFile; productRef = B698AC6A2D3335110086AF8C /* PostgREST */; };
		B698AC6D2D3335110086AF8C /* Realtime in Frameworks */ = {isa = PBXBuildFile; productRef = B698AC6C2D3335110086AF8C /* Realtime */; };
		B698AC6F2D3335110086AF8C /* Storage in Frameworks */ = {isa = PBXBuildFile; productRef = B698AC6E2D3335110086AF8C /* Storage */; };
		B698AC712D33359C0086AF8C /* Auth in Frameworks */ = {isa = PBXBuildFile; productRef = B698AC702D33359C0086AF8C /* Auth */; };
		B698AC732D33359C0086AF8C /* Functions in Frameworks */ = {isa = PBXBuildFile; productRef = B698AC722D33359C0086AF8C /* Functions */; };
		B698AC752D33359C0086AF8C /* PostgREST in Frameworks */ = {isa = PBXBuildFile; productRef = B698AC742D33359C0086AF8C /* PostgREST */; };
		B698AC772D33359C0086AF8C /* Realtime in Frameworks */ = {isa = PBXBuildFile; productRef = B698AC762D33359C0086AF8C /* Realtime */; };
		B698AC792D33359C0086AF8C /* Storage in Frameworks */ = {isa = PBXBuildFile; productRef = B698AC782D33359C0086AF8C /* Storage */; };
		B698AC7C2D3335F20086AF8C /* Supabase in Frameworks */ = {isa = PBXBuildFile; productRef = B698AC7B2D3335F20086AF8C /* Supabase */; };
		B6B1D4CD2D3D42A900251542 /* FirebaseMessaging in Frameworks */ = {isa = PBXBuildFile; productRef = B6B1D4CC2D3D42A900251542 /* FirebaseMessaging */; };
		B6B1D4CF2D3D434E00251542 /* FirebaseCore in Frameworks */ = {isa = PBXBuildFile; productRef = B6B1D4CE2D3D434E00251542 /* FirebaseCore */; };
/* End PBXBuildFile section */

/* Begin PBXContainerItemProxy section */
		B698AC0E2D330FC30086AF8C /* PBXContainerItemProxy */ = {
			isa = PBXContainerItemProxy;
			containerPortal = B698ABF32D330FC10086AF8C /* Project object */;
			proxyType = 1;
			remoteGlobalIDString = B698ABFA2D330FC10086AF8C;
			remoteInfo = CourtConnect;
		};
		B698AC182D330FC30086AF8C /* PBXContainerItemProxy */ = {
			isa = PBXContainerItemProxy;
			containerPortal = B698ABF32D330FC10086AF8C /* Project object */;
			proxyType = 1;
			remoteGlobalIDString = B698ABFA2D330FC10086AF8C;
			remoteInfo = CourtConnect;
		};
/* End PBXContainerItemProxy section */

/* Begin PBXFileReference section */
		B6652B3F2D3E4E8C00B87D71 /* .swiftlint.yml */ = {isa = PBXFileReference; lastKnownFileType = text.yaml; path = .swiftlint.yml; sourceTree = "<group>"; };
		B66532582D3EC28500B87D71 /* .gitignore */ = {isa = PBXFileReference; lastKnownFileType = text; path = .gitignore; sourceTree = "<group>"; };
		B665325A2D3EC28F00B87D71 /* GoogleService-Info.plist */ = {isa = PBXFileReference; lastKnownFileType = text.plist.xml; path = "GoogleService-Info.plist"; sourceTree = "<group>"; };
		B665325C2D3EC35300B87D71 /* README.md */ = {isa = PBXFileReference; lastKnownFileType = net.daringfireball.markdown; path = README.md; sourceTree = "<group>"; };
		B698ABFB2D330FC10086AF8C /* CourtConnect.app */ = {isa = PBXFileReference; explicitFileType = wrapper.application; includeInIndex = 0; path = CourtConnect.app; sourceTree = BUILT_PRODUCTS_DIR; };
		B698AC0D2D330FC30086AF8C /* CourtConnectTests.xctest */ = {isa = PBXFileReference; explicitFileType = wrapper.cfbundle; includeInIndex = 0; path = CourtConnectTests.xctest; sourceTree = BUILT_PRODUCTS_DIR; };
		B698AC172D330FC30086AF8C /* CourtConnectUITests.xctest */ = {isa = PBXFileReference; explicitFileType = wrapper.cfbundle; includeInIndex = 0; path = CourtConnectUITests.xctest; sourceTree = BUILT_PRODUCTS_DIR; };
/* End PBXFileReference section */

/* Begin PBXFileSystemSynchronizedBuildFileExceptionSet section */
		B6B1D4D22D3D449200251542 /* Exceptions for "CourtConnect" folder in "CourtConnect" target */ = {
			isa = PBXFileSystemSynchronizedBuildFileExceptionSet;
			membershipExceptions = (
				Info.plist,
			);
			target = B698ABFA2D330FC10086AF8C /* CourtConnect */;
		};
/* End PBXFileSystemSynchronizedBuildFileExceptionSet section */

/* Begin PBXFileSystemSynchronizedRootGroup section */
		B698ABFD2D330FC10086AF8C /* CourtConnect */ = {
			isa = PBXFileSystemSynchronizedRootGroup;
			exceptions = (
				B6B1D4D22D3D449200251542 /* Exceptions for "CourtConnect" folder in "CourtConnect" target */,
			);
			path = CourtConnect;
			sourceTree = "<group>";
		};
		B698AC102D330FC30086AF8C /* CourtConnectTests */ = {
			isa = PBXFileSystemSynchronizedRootGroup;
			path = CourtConnectTests;
			sourceTree = "<group>";
		};
		B698AC1A2D330FC30086AF8C /* CourtConnectUITests */ = {
			isa = PBXFileSystemSynchronizedRootGroup;
			path = CourtConnectUITests;
			sourceTree = "<group>";
		};
/* End PBXFileSystemSynchronizedRootGroup section */

/* Begin PBXFrameworksBuildPhase section */
		B698ABF82D330FC10086AF8C /* Frameworks */ = {
			isa = PBXFrameworksBuildPhase;
			buildActionMask = 2147483647;
			files = (
				B6B1D4CD2D3D42A900251542 /* FirebaseMessaging in Frameworks */,
				B6652A512D3DAA2E00B87D71 /* FirebaseAuth in Frameworks */,
				B66529D82D3A81EC00B87D71 /* RNCryptor in Frameworks */,
				B698AC6B2D3335110086AF8C /* PostgREST in Frameworks */,
				B698AC692D3335110086AF8C /* Functions in Frameworks */,
				B698AC7C2D3335F20086AF8C /* Supabase in Frameworks */,
				B698AC6F2D3335110086AF8C /* Storage in Frameworks */,
				B6B1D4CF2D3D434E00251542 /* FirebaseCore in Frameworks */,
				B66533A12D3F8E0A00B87D71 /* SwiftJWT in Frameworks */,
				B698AC6D2D3335110086AF8C /* Realtime in Frameworks */,
			);
			runOnlyForDeploymentPostprocessing = 0;
		};
		B698AC0A2D330FC30086AF8C /* Frameworks */ = {
			isa = PBXFrameworksBuildPhase;
			buildActionMask = 2147483647;
			files = (
				B698AC752D33359C0086AF8C /* PostgREST in Frameworks */,
				B698AC732D33359C0086AF8C /* Functions in Frameworks */,
				B698AC712D33359C0086AF8C /* Auth in Frameworks */,
				B698AC792D33359C0086AF8C /* Storage in Frameworks */,
				B698AC772D33359C0086AF8C /* Realtime in Frameworks */,
			);
			runOnlyForDeploymentPostprocessing = 0;
		};
		B698AC142D330FC30086AF8C /* Frameworks */ = {
			isa = PBXFrameworksBuildPhase;
			buildActionMask = 2147483647;
			files = (
			);
			runOnlyForDeploymentPostprocessing = 0;
		};
/* End PBXFrameworksBuildPhase section */

/* Begin PBXGroup section */
		B698ABF22D330FC10086AF8C = {
			isa = PBXGroup;
			children = (
				B66532582D3EC28500B87D71 /* .gitignore */,
				B665325A2D3EC28F00B87D71 /* GoogleService-Info.plist */,
				B6652B3F2D3E4E8C00B87D71 /* .swiftlint.yml */,
				B665325C2D3EC35300B87D71 /* README.md */,
				B698ABFD2D330FC10086AF8C /* CourtConnect */,
				B698AC102D330FC30086AF8C /* CourtConnectTests */,
				B698AC1A2D330FC30086AF8C /* CourtConnectUITests */,
				B698AC7A2D3335F20086AF8C /* Frameworks */,
				B698ABFC2D330FC10086AF8C /* Products */,
			);
			sourceTree = "<group>";
		};
		B698ABFC2D330FC10086AF8C /* Products */ = {
			isa = PBXGroup;
			children = (
				B698ABFB2D330FC10086AF8C /* CourtConnect.app */,
				B698AC0D2D330FC30086AF8C /* CourtConnectTests.xctest */,
				B698AC172D330FC30086AF8C /* CourtConnectUITests.xctest */,
			);
			name = Products;
			sourceTree = "<group>";
		};
		B698AC7A2D3335F20086AF8C /* Frameworks */ = {
			isa = PBXGroup;
			children = (
			);
			name = Frameworks;
			sourceTree = "<group>";
		};
/* End PBXGroup section */

/* Begin PBXNativeTarget section */
		B698ABFA2D330FC10086AF8C /* CourtConnect */ = {
			isa = PBXNativeTarget;
			buildConfigurationList = B698AC212D330FC30086AF8C /* Build configuration list for PBXNativeTarget "CourtConnect" */;
			buildPhases = (
				B698ABF72D330FC10086AF8C /* Sources */,
				B698ABF82D330FC10086AF8C /* Frameworks */,
				B698ABF92D330FC10086AF8C /* Resources */,
			);
			buildRules = (
			);
			dependencies = (
				B6652B3E2D3E4E1100B87D71 /* PBXTargetDependency */,
			);
			fileSystemSynchronizedGroups = (
				B698ABFD2D330FC10086AF8C /* CourtConnect */,
			);
			name = CourtConnect;
			packageProductDependencies = (
				B698AC682D3335110086AF8C /* Functions */,
				B698AC6A2D3335110086AF8C /* PostgREST */,
				B698AC6C2D3335110086AF8C /* Realtime */,
				B698AC6E2D3335110086AF8C /* Storage */,
				B698AC7B2D3335F20086AF8C /* Supabase */,
				B66529D72D3A81EC00B87D71 /* RNCryptor */,
				B6B1D4CC2D3D42A900251542 /* FirebaseMessaging */,
				B6B1D4CE2D3D434E00251542 /* FirebaseCore */,
				B6652A502D3DAA2E00B87D71 /* FirebaseAuth */,
				B66533A02D3F8E0A00B87D71 /* SwiftJWT */,
			);
			productName = CourtConnect;
			productReference = B698ABFB2D330FC10086AF8C /* CourtConnect.app */;
			productType = "com.apple.product-type.application";
		};
		B698AC0C2D330FC30086AF8C /* CourtConnectTests */ = {
			isa = PBXNativeTarget;
			buildConfigurationList = B698AC242D330FC30086AF8C /* Build configuration list for PBXNativeTarget "CourtConnectTests" */;
			buildPhases = (
				B698AC092D330FC30086AF8C /* Sources */,
				B698AC0A2D330FC30086AF8C /* Frameworks */,
				B698AC0B2D330FC30086AF8C /* Resources */,
			);
			buildRules = (
			);
			dependencies = (
				B698AC0F2D330FC30086AF8C /* PBXTargetDependency */,
			);
			fileSystemSynchronizedGroups = (
				B698AC102D330FC30086AF8C /* CourtConnectTests */,
			);
			name = CourtConnectTests;
			packageProductDependencies = (
				B698AC702D33359C0086AF8C /* Auth */,
				B698AC722D33359C0086AF8C /* Functions */,
				B698AC742D33359C0086AF8C /* PostgREST */,
				B698AC762D33359C0086AF8C /* Realtime */,
				B698AC782D33359C0086AF8C /* Storage */,
			);
			productName = CourtConnectTests;
			productReference = B698AC0D2D330FC30086AF8C /* CourtConnectTests.xctest */;
			productType = "com.apple.product-type.bundle.unit-test";
		};
		B698AC162D330FC30086AF8C /* CourtConnectUITests */ = {
			isa = PBXNativeTarget;
			buildConfigurationList = B698AC272D330FC30086AF8C /* Build configuration list for PBXNativeTarget "CourtConnectUITests" */;
			buildPhases = (
				B698AC132D330FC30086AF8C /* Sources */,
				B698AC142D330FC30086AF8C /* Frameworks */,
				B698AC152D330FC30086AF8C /* Resources */,
			);
			buildRules = (
			);
			dependencies = (
				B698AC192D330FC30086AF8C /* PBXTargetDependency */,
			);
			fileSystemSynchronizedGroups = (
				B698AC1A2D330FC30086AF8C /* CourtConnectUITests */,
			);
			name = CourtConnectUITests;
			packageProductDependencies = (
			);
			productName = CourtConnectUITests;
			productReference = B698AC172D330FC30086AF8C /* CourtConnectUITests.xctest */;
			productType = "com.apple.product-type.bundle.ui-testing";
		};
/* End PBXNativeTarget section */

/* Begin PBXProject section */
		B698ABF32D330FC10086AF8C /* Project object */ = {
			isa = PBXProject;
			attributes = {
				BuildIndependentTargetsInParallel = 1;
				LastSwiftUpdateCheck = 1620;
				LastUpgradeCheck = 1620;
				TargetAttributes = {
					B698ABFA2D330FC10086AF8C = {
						CreatedOnToolsVersion = 16.2;
					};
					B698AC0C2D330FC30086AF8C = {
						CreatedOnToolsVersion = 16.2;
						TestTargetID = B698ABFA2D330FC10086AF8C;
					};
					B698AC162D330FC30086AF8C = {
						CreatedOnToolsVersion = 16.2;
						TestTargetID = B698ABFA2D330FC10086AF8C;
					};
				};
			};
			buildConfigurationList = B698ABF62D330FC10086AF8C /* Build configuration list for PBXProject "CourtConnect" */;
			developmentRegion = en;
			hasScannedForEncodings = 0;
			knownRegions = (
				en,
				Base,
			);
			mainGroup = B698ABF22D330FC10086AF8C;
			minimizedProjectReferenceProxies = 1;
			packageReferences = (
				B698AC652D3335100086AF8C /* XCRemoteSwiftPackageReference "supabase-swift" */,
				B66529D62D3A81EC00B87D71 /* XCRemoteSwiftPackageReference "RNCryptor" */,
				B6B1D4CB2D3D42A900251542 /* XCRemoteSwiftPackageReference "firebase-ios-sdk" */,
				B6652B2C2D3E411B00B87D71 /* XCRemoteSwiftPackageReference "SwiftLintPlugins" */,
				B665339F2D3F8E0A00B87D71 /* XCRemoteSwiftPackageReference "Swift-JWT" */,
			);
			preferredProjectObjectVersion = 77;
			productRefGroup = B698ABFC2D330FC10086AF8C /* Products */;
			projectDirPath = "";
			projectRoot = "";
			targets = (
				B698ABFA2D330FC10086AF8C /* CourtConnect */,
				B698AC0C2D330FC30086AF8C /* CourtConnectTests */,
				B698AC162D330FC30086AF8C /* CourtConnectUITests */,
			);
		};
/* End PBXProject section */

/* Begin PBXResourcesBuildPhase section */
		B698ABF92D330FC10086AF8C /* Resources */ = {
			isa = PBXResourcesBuildPhase;
			buildActionMask = 2147483647;
			files = (
				B665325B2D3EC28F00B87D71 /* GoogleService-Info.plist in Resources */,
				B665325D2D3EC35300B87D71 /* README.md in Resources */,
				B66532592D3EC28500B87D71 /* .gitignore in Resources */,
				B6652B402D3E4E8C00B87D71 /* .swiftlint.yml in Resources */,
			);
			runOnlyForDeploymentPostprocessing = 0;
		};
		B698AC0B2D330FC30086AF8C /* Resources */ = {
			isa = PBXResourcesBuildPhase;
			buildActionMask = 2147483647;
			files = (
			);
			runOnlyForDeploymentPostprocessing = 0;
		};
		B698AC152D330FC30086AF8C /* Resources */ = {
			isa = PBXResourcesBuildPhase;
			buildActionMask = 2147483647;
			files = (
			);
			runOnlyForDeploymentPostprocessing = 0;
		};
/* End PBXResourcesBuildPhase section */

/* Begin PBXSourcesBuildPhase section */
		B698ABF72D330FC10086AF8C /* Sources */ = {
			isa = PBXSourcesBuildPhase;
			buildActionMask = 2147483647;
			files = (
			);
			runOnlyForDeploymentPostprocessing = 0;
		};
		B698AC092D330FC30086AF8C /* Sources */ = {
			isa = PBXSourcesBuildPhase;
			buildActionMask = 2147483647;
			files = (
			);
			runOnlyForDeploymentPostprocessing = 0;
		};
		B698AC132D330FC30086AF8C /* Sources */ = {
			isa = PBXSourcesBuildPhase;
			buildActionMask = 2147483647;
			files = (
			);
			runOnlyForDeploymentPostprocessing = 0;
		};
/* End PBXSourcesBuildPhase section */

/* Begin PBXTargetDependency section */
		B6652B3E2D3E4E1100B87D71 /* PBXTargetDependency */ = {
			isa = PBXTargetDependency;
			productRef = B6652B3D2D3E4E1100B87D71 /* SwiftLintBuildToolPlugin */;
		};
		B698AC0F2D330FC30086AF8C /* PBXTargetDependency */ = {
			isa = PBXTargetDependency;
			target = B698ABFA2D330FC10086AF8C /* CourtConnect */;
			targetProxy = B698AC0E2D330FC30086AF8C /* PBXContainerItemProxy */;
		};
		B698AC192D330FC30086AF8C /* PBXTargetDependency */ = {
			isa = PBXTargetDependency;
			target = B698ABFA2D330FC10086AF8C /* CourtConnect */;
			targetProxy = B698AC182D330FC30086AF8C /* PBXContainerItemProxy */;
		};
/* End PBXTargetDependency section */

/* Begin XCBuildConfiguration section */
		B698AC1F2D330FC30086AF8C /* Debug */ = {
			isa = XCBuildConfiguration;
			buildSettings = {
				ALWAYS_SEARCH_USER_PATHS = NO;
				ASSETCATALOG_COMPILER_GENERATE_SWIFT_ASSET_SYMBOL_EXTENSIONS = YES;
				CLANG_ANALYZER_NONNULL = YES;
				CLANG_ANALYZER_NUMBER_OBJECT_CONVERSION = YES_AGGRESSIVE;
				CLANG_CXX_LANGUAGE_STANDARD = "gnu++20";
				CLANG_ENABLE_MODULES = YES;
				CLANG_ENABLE_OBJC_ARC = YES;
				CLANG_ENABLE_OBJC_WEAK = YES;
				CLANG_WARN_BLOCK_CAPTURE_AUTORELEASING = YES;
				CLANG_WARN_BOOL_CONVERSION = YES;
				CLANG_WARN_COMMA = YES;
				CLANG_WARN_CONSTANT_CONVERSION = YES;
				CLANG_WARN_DEPRECATED_OBJC_IMPLEMENTATIONS = YES;
				CLANG_WARN_DIRECT_OBJC_ISA_USAGE = YES_ERROR;
				CLANG_WARN_DOCUMENTATION_COMMENTS = YES;
				CLANG_WARN_EMPTY_BODY = YES;
				CLANG_WARN_ENUM_CONVERSION = YES;
				CLANG_WARN_INFINITE_RECURSION = YES;
				CLANG_WARN_INT_CONVERSION = YES;
				CLANG_WARN_NON_LITERAL_NULL_CONVERSION = YES;
				CLANG_WARN_OBJC_IMPLICIT_RETAIN_SELF = YES;
				CLANG_WARN_OBJC_LITERAL_CONVERSION = YES;
				CLANG_WARN_OBJC_ROOT_CLASS = YES_ERROR;
				CLANG_WARN_QUOTED_INCLUDE_IN_FRAMEWORK_HEADER = YES;
				CLANG_WARN_RANGE_LOOP_ANALYSIS = YES;
				CLANG_WARN_STRICT_PROTOTYPES = YES;
				CLANG_WARN_SUSPICIOUS_MOVE = YES;
				CLANG_WARN_UNGUARDED_AVAILABILITY = YES_AGGRESSIVE;
				CLANG_WARN_UNREACHABLE_CODE = YES;
				CLANG_WARN__DUPLICATE_METHOD_MATCH = YES;
				COPY_PHASE_STRIP = NO;
				DEBUG_INFORMATION_FORMAT = dwarf;
				ENABLE_STRICT_OBJC_MSGSEND = YES;
				ENABLE_TESTABILITY = YES;
				ENABLE_USER_SCRIPT_SANDBOXING = YES;
				GCC_C_LANGUAGE_STANDARD = gnu17;
				GCC_DYNAMIC_NO_PIC = NO;
				GCC_NO_COMMON_BLOCKS = YES;
				GCC_OPTIMIZATION_LEVEL = 0;
				GCC_PREPROCESSOR_DEFINITIONS = (
					"DEBUG=1",
					"$(inherited)",
				);
				GCC_WARN_64_TO_32_BIT_CONVERSION = YES;
				GCC_WARN_ABOUT_RETURN_TYPE = YES_ERROR;
				GCC_WARN_UNDECLARED_SELECTOR = YES;
				GCC_WARN_UNINITIALIZED_AUTOS = YES_AGGRESSIVE;
				GCC_WARN_UNUSED_FUNCTION = YES;
				GCC_WARN_UNUSED_VARIABLE = YES;
				IPHONEOS_DEPLOYMENT_TARGET = 18.2;
				LOCALIZATION_PREFERS_STRING_CATALOGS = YES;
				MTL_ENABLE_DEBUG_INFO = INCLUDE_SOURCE;
				MTL_FAST_MATH = YES;
				ONLY_ACTIVE_ARCH = YES;
				SDKROOT = iphoneos;
				SWIFT_ACTIVE_COMPILATION_CONDITIONS = "DEBUG $(inherited)";
				SWIFT_OPTIMIZATION_LEVEL = "-Onone";
			};
			name = Debug;
		};
		B698AC202D330FC30086AF8C /* Release */ = {
			isa = XCBuildConfiguration;
			buildSettings = {
				ALWAYS_SEARCH_USER_PATHS = NO;
				ASSETCATALOG_COMPILER_GENERATE_SWIFT_ASSET_SYMBOL_EXTENSIONS = YES;
				CLANG_ANALYZER_NONNULL = YES;
				CLANG_ANALYZER_NUMBER_OBJECT_CONVERSION = YES_AGGRESSIVE;
				CLANG_CXX_LANGUAGE_STANDARD = "gnu++20";
				CLANG_ENABLE_MODULES = YES;
				CLANG_ENABLE_OBJC_ARC = YES;
				CLANG_ENABLE_OBJC_WEAK = YES;
				CLANG_WARN_BLOCK_CAPTURE_AUTORELEASING = YES;
				CLANG_WARN_BOOL_CONVERSION = YES;
				CLANG_WARN_COMMA = YES;
				CLANG_WARN_CONSTANT_CONVERSION = YES;
				CLANG_WARN_DEPRECATED_OBJC_IMPLEMENTATIONS = YES;
				CLANG_WARN_DIRECT_OBJC_ISA_USAGE = YES_ERROR;
				CLANG_WARN_DOCUMENTATION_COMMENTS = YES;
				CLANG_WARN_EMPTY_BODY = YES;
				CLANG_WARN_ENUM_CONVERSION = YES;
				CLANG_WARN_INFINITE_RECURSION = YES;
				CLANG_WARN_INT_CONVERSION = YES;
				CLANG_WARN_NON_LITERAL_NULL_CONVERSION = YES;
				CLANG_WARN_OBJC_IMPLICIT_RETAIN_SELF = YES;
				CLANG_WARN_OBJC_LITERAL_CONVERSION = YES;
				CLANG_WARN_OBJC_ROOT_CLASS = YES_ERROR;
				CLANG_WARN_QUOTED_INCLUDE_IN_FRAMEWORK_HEADER = YES;
				CLANG_WARN_RANGE_LOOP_ANALYSIS = YES;
				CLANG_WARN_STRICT_PROTOTYPES = YES;
				CLANG_WARN_SUSPICIOUS_MOVE = YES;
				CLANG_WARN_UNGUARDED_AVAILABILITY = YES_AGGRESSIVE;
				CLANG_WARN_UNREACHABLE_CODE = YES;
				CLANG_WARN__DUPLICATE_METHOD_MATCH = YES;
				COPY_PHASE_STRIP = NO;
				DEBUG_INFORMATION_FORMAT = "dwarf-with-dsym";
				ENABLE_NS_ASSERTIONS = NO;
				ENABLE_STRICT_OBJC_MSGSEND = YES;
				ENABLE_USER_SCRIPT_SANDBOXING = YES;
				GCC_C_LANGUAGE_STANDARD = gnu17;
				GCC_NO_COMMON_BLOCKS = YES;
				GCC_WARN_64_TO_32_BIT_CONVERSION = YES;
				GCC_WARN_ABOUT_RETURN_TYPE = YES_ERROR;
				GCC_WARN_UNDECLARED_SELECTOR = YES;
				GCC_WARN_UNINITIALIZED_AUTOS = YES_AGGRESSIVE;
				GCC_WARN_UNUSED_FUNCTION = YES;
				GCC_WARN_UNUSED_VARIABLE = YES;
				IPHONEOS_DEPLOYMENT_TARGET = 18.2;
				LOCALIZATION_PREFERS_STRING_CATALOGS = YES;
				MTL_ENABLE_DEBUG_INFO = NO;
				MTL_FAST_MATH = YES;
				SDKROOT = iphoneos;
				SWIFT_COMPILATION_MODE = wholemodule;
				VALIDATE_PRODUCT = YES;
			};
			name = Release;
		};
		B698AC222D330FC30086AF8C /* Debug */ = {
			isa = XCBuildConfiguration;
			buildSettings = {
				ASSETCATALOG_COMPILER_APPICON_NAME = AppIcon;
				ASSETCATALOG_COMPILER_GLOBAL_ACCENT_COLOR_NAME = AccentColor;
				CODE_SIGN_ENTITLEMENTS = CourtConnect/CourtConnect.entitlements;
				CODE_SIGN_STYLE = Automatic;
				CURRENT_PROJECT_VERSION = 1;
				DEVELOPMENT_ASSET_PATHS = "";
				DEVELOPMENT_TEAM = ZD275Y62U7;
				ENABLE_PREVIEWS = YES;
				GENERATE_INFOPLIST_FILE = YES;
				INFOPLIST_FILE = CourtConnect/Info.plist;
				INFOPLIST_KEY_CFBundleDisplayName = de.frederikkohler.CourtConnect;
				INFOPLIST_KEY_UIApplicationSceneManifest_Generation = YES;
				INFOPLIST_KEY_UIApplicationSupportsIndirectInputEvents = YES;
				INFOPLIST_KEY_UILaunchScreen_Generation = YES;
				INFOPLIST_KEY_UISupportedInterfaceOrientations = UIInterfaceOrientationPortrait;
				INFOPLIST_KEY_UISupportedInterfaceOrientations_iPad = "UIInterfaceOrientationLandscapeLeft UIInterfaceOrientationLandscapeRight UIInterfaceOrientationPortrait UIInterfaceOrientationPortraitUpsideDown";
				LD_RUNPATH_SEARCH_PATHS = (
					"$(inherited)",
					"@executable_path/Frameworks",
				);
				MARKETING_VERSION = 1.0;
				PRODUCT_BUNDLE_IDENTIFIER = de.frederikkohler.CourtConnect;
				PRODUCT_NAME = "$(TARGET_NAME)";
				SUPPORTED_PLATFORMS = "iphoneos iphonesimulator";
				SUPPORTS_MACCATALYST = NO;
				SUPPORTS_MAC_DESIGNED_FOR_IPHONE_IPAD = NO;
				SUPPORTS_XR_DESIGNED_FOR_IPHONE_IPAD = NO;
				SWIFT_EMIT_LOC_STRINGS = YES;
				SWIFT_VERSION = 5.0;
				TARGETED_DEVICE_FAMILY = 1;
			};
			name = Debug;
		};
		B698AC232D330FC30086AF8C /* Release */ = {
			isa = XCBuildConfiguration;
			buildSettings = {
				ASSETCATALOG_COMPILER_APPICON_NAME = AppIcon;
				ASSETCATALOG_COMPILER_GLOBAL_ACCENT_COLOR_NAME = AccentColor;
				CODE_SIGN_ENTITLEMENTS = CourtConnect/CourtConnect.entitlements;
				CODE_SIGN_STYLE = Automatic;
				CURRENT_PROJECT_VERSION = 1;
				DEVELOPMENT_ASSET_PATHS = "\"CourtConnect/Resources/Preview Content\"";
				DEVELOPMENT_TEAM = ZD275Y62U7;
				ENABLE_PREVIEWS = YES;
				GENERATE_INFOPLIST_FILE = YES;
				INFOPLIST_FILE = CourtConnect/Info.plist;
				INFOPLIST_KEY_CFBundleDisplayName = de.frederikkohler.CourtConnect;
				INFOPLIST_KEY_UIApplicationSceneManifest_Generation = YES;
				INFOPLIST_KEY_UIApplicationSupportsIndirectInputEvents = YES;
				INFOPLIST_KEY_UILaunchScreen_Generation = YES;
				INFOPLIST_KEY_UISupportedInterfaceOrientations = UIInterfaceOrientationPortrait;
				INFOPLIST_KEY_UISupportedInterfaceOrientations_iPad = "UIInterfaceOrientationLandscapeLeft UIInterfaceOrientationLandscapeRight UIInterfaceOrientationPortrait UIInterfaceOrientationPortraitUpsideDown";
				LD_RUNPATH_SEARCH_PATHS = (
					"$(inherited)",
					"@executable_path/Frameworks",
				);
				MARKETING_VERSION = 1.0;
				PRODUCT_BUNDLE_IDENTIFIER = de.frederikkohler.CourtConnect;
				PRODUCT_NAME = "$(TARGET_NAME)";
				SUPPORTED_PLATFORMS = "iphoneos iphonesimulator";
				SUPPORTS_MACCATALYST = NO;
				SUPPORTS_MAC_DESIGNED_FOR_IPHONE_IPAD = NO;
				SUPPORTS_XR_DESIGNED_FOR_IPHONE_IPAD = NO;
				SWIFT_EMIT_LOC_STRINGS = YES;
				SWIFT_VERSION = 5.0;
				TARGETED_DEVICE_FAMILY = 1;
			};
			name = Release;
		};
		B698AC252D330FC30086AF8C /* Debug */ = {
			isa = XCBuildConfiguration;
			buildSettings = {
				BUNDLE_LOADER = "$(TEST_HOST)";
				CODE_SIGN_STYLE = Automatic;
				CURRENT_PROJECT_VERSION = 1;
				DEVELOPMENT_TEAM = ZD275Y62U7;
				GENERATE_INFOPLIST_FILE = YES;
				IPHONEOS_DEPLOYMENT_TARGET = 18.2;
				MARKETING_VERSION = 1.0;
				PRODUCT_BUNDLE_IDENTIFIER = de.frederikkohler.CourtConnectTests;
				PRODUCT_NAME = "$(TARGET_NAME)";
				SWIFT_EMIT_LOC_STRINGS = NO;
				SWIFT_VERSION = 5.0;
				TARGETED_DEVICE_FAMILY = "1,2";
				TEST_HOST = "$(BUILT_PRODUCTS_DIR)/CourtConnect.app/$(BUNDLE_EXECUTABLE_FOLDER_PATH)/CourtConnect";
			};
			name = Debug;
		};
		B698AC262D330FC30086AF8C /* Release */ = {
			isa = XCBuildConfiguration;
			buildSettings = {
				BUNDLE_LOADER = "$(TEST_HOST)";
				CODE_SIGN_STYLE = Automatic;
				CURRENT_PROJECT_VERSION = 1;
				DEVELOPMENT_TEAM = ZD275Y62U7;
				GENERATE_INFOPLIST_FILE = YES;
				IPHONEOS_DEPLOYMENT_TARGET = 18.2;
				MARKETING_VERSION = 1.0;
				PRODUCT_BUNDLE_IDENTIFIER = de.frederikkohler.CourtConnectTests;
				PRODUCT_NAME = "$(TARGET_NAME)";
				SWIFT_EMIT_LOC_STRINGS = NO;
				SWIFT_VERSION = 5.0;
				TARGETED_DEVICE_FAMILY = "1,2";
				TEST_HOST = "$(BUILT_PRODUCTS_DIR)/CourtConnect.app/$(BUNDLE_EXECUTABLE_FOLDER_PATH)/CourtConnect";
			};
			name = Release;
		};
		B698AC282D330FC30086AF8C /* Debug */ = {
			isa = XCBuildConfiguration;
			buildSettings = {
				CODE_SIGN_STYLE = Automatic;
				CURRENT_PROJECT_VERSION = 1;
				DEVELOPMENT_TEAM = ZD275Y62U7;
				GENERATE_INFOPLIST_FILE = YES;
				MARKETING_VERSION = 1.0;
				PRODUCT_BUNDLE_IDENTIFIER = de.frederikkohler.CourtConnectUITests;
				PRODUCT_NAME = "$(TARGET_NAME)";
				SWIFT_EMIT_LOC_STRINGS = NO;
				SWIFT_VERSION = 5.0;
				TARGETED_DEVICE_FAMILY = "1,2";
				TEST_TARGET_NAME = CourtConnect;
			};
			name = Debug;
		};
		B698AC292D330FC30086AF8C /* Release */ = {
			isa = XCBuildConfiguration;
			buildSettings = {
				CODE_SIGN_STYLE = Automatic;
				CURRENT_PROJECT_VERSION = 1;
				DEVELOPMENT_TEAM = ZD275Y62U7;
				GENERATE_INFOPLIST_FILE = YES;
				MARKETING_VERSION = 1.0;
				PRODUCT_BUNDLE_IDENTIFIER = de.frederikkohler.CourtConnectUITests;
				PRODUCT_NAME = "$(TARGET_NAME)";
				SWIFT_EMIT_LOC_STRINGS = NO;
				SWIFT_VERSION = 5.0;
				TARGETED_DEVICE_FAMILY = "1,2";
				TEST_TARGET_NAME = CourtConnect;
			};
			name = Release;
		};
/* End XCBuildConfiguration section */

/* Begin XCConfigurationList section */
		B698ABF62D330FC10086AF8C /* Build configuration list for PBXProject "CourtConnect" */ = {
			isa = XCConfigurationList;
			buildConfigurations = (
				B698AC1F2D330FC30086AF8C /* Debug */,
				B698AC202D330FC30086AF8C /* Release */,
			);
			defaultConfigurationIsVisible = 0;
			defaultConfigurationName = Release;
		};
		B698AC212D330FC30086AF8C /* Build configuration list for PBXNativeTarget "CourtConnect" */ = {
			isa = XCConfigurationList;
			buildConfigurations = (
				B698AC222D330FC30086AF8C /* Debug */,
				B698AC232D330FC30086AF8C /* Release */,
			);
			defaultConfigurationIsVisible = 0;
			defaultConfigurationName = Release;
		};
		B698AC242D330FC30086AF8C /* Build configuration list for PBXNativeTarget "CourtConnectTests" */ = {
			isa = XCConfigurationList;
			buildConfigurations = (
				B698AC252D330FC30086AF8C /* Debug */,
				B698AC262D330FC30086AF8C /* Release */,
			);
			defaultConfigurationIsVisible = 0;
			defaultConfigurationName = Release;
		};
		B698AC272D330FC30086AF8C /* Build configuration list for PBXNativeTarget "CourtConnectUITests" */ = {
			isa = XCConfigurationList;
			buildConfigurations = (
				B698AC282D330FC30086AF8C /* Debug */,
				B698AC292D330FC30086AF8C /* Release */,
			);
			defaultConfigurationIsVisible = 0;
			defaultConfigurationName = Release;
		};
/* End XCConfigurationList section */

/* Begin XCRemoteSwiftPackageReference section */
		B66529D62D3A81EC00B87D71 /* XCRemoteSwiftPackageReference "RNCryptor" */ = {
			isa = XCRemoteSwiftPackageReference;
			repositoryURL = "https://github.com/RNCryptor/RNCryptor.git";
			requirement = {
				kind = upToNextMajorVersion;
				minimumVersion = 5.1.0;
			};
		};
		B6652B2C2D3E411B00B87D71 /* XCRemoteSwiftPackageReference "SwiftLintPlugins" */ = {
			isa = XCRemoteSwiftPackageReference;
			repositoryURL = "https://github.com/SimplyDanny/SwiftLintPlugins";
			requirement = {
				kind = upToNextMajorVersion;
				minimumVersion = 0.58.2;
			};
		};
		B665339F2D3F8E0A00B87D71 /* XCRemoteSwiftPackageReference "Swift-JWT" */ = {
			isa = XCRemoteSwiftPackageReference;
			repositoryURL = "https://github.com/Kitura/Swift-JWT.git";
			requirement = {
				kind = upToNextMajorVersion;
				minimumVersion = 4.0.2;
			};
		};
		B698AC652D3335100086AF8C /* XCRemoteSwiftPackageReference "supabase-swift" */ = {
			isa = XCRemoteSwiftPackageReference;
			repositoryURL = "https://github.com/supabase/supabase-swift.git";
			requirement = {
				kind = upToNextMajorVersion;
				minimumVersion = 2.5.1;
			};
		};
		B6B1D4CB2D3D42A900251542 /* XCRemoteSwiftPackageReference "firebase-ios-sdk" */ = {
			isa = XCRemoteSwiftPackageReference;
			repositoryURL = "https://github.com/firebase/firebase-ios-sdk";
			requirement = {
				kind = upToNextMajorVersion;
				minimumVersion = 11.7.0;
			};
		};
/* End XCRemoteSwiftPackageReference section */

/* Begin XCSwiftPackageProductDependency section */
		B66529D72D3A81EC00B87D71 /* RNCryptor */ = {
			isa = XCSwiftPackageProductDependency;
			package = B66529D62D3A81EC00B87D71 /* XCRemoteSwiftPackageReference "RNCryptor" */;
			productName = RNCryptor;
		};
		B6652A502D3DAA2E00B87D71 /* FirebaseAuth */ = {
			isa = XCSwiftPackageProductDependency;
			package = B6B1D4CB2D3D42A900251542 /* XCRemoteSwiftPackageReference "firebase-ios-sdk" */;
			productName = FirebaseAuth;
		};
		B6652B3D2D3E4E1100B87D71 /* SwiftLintBuildToolPlugin */ = {
			isa = XCSwiftPackageProductDependency;
			package = B6652B2C2D3E411B00B87D71 /* XCRemoteSwiftPackageReference "SwiftLintPlugins" */;
			productName = "plugin:SwiftLintBuildToolPlugin";
		};
		B66533A02D3F8E0A00B87D71 /* SwiftJWT */ = {
			isa = XCSwiftPackageProductDependency;
			package = B665339F2D3F8E0A00B87D71 /* XCRemoteSwiftPackageReference "Swift-JWT" */;
			productName = SwiftJWT;
		};
		B698AC682D3335110086AF8C /* Functions */ = {
			isa = XCSwiftPackageProductDependency;
			package = B698AC652D3335100086AF8C /* XCRemoteSwiftPackageReference "supabase-swift" */;
			productName = Functions;
		};
		B698AC6A2D3335110086AF8C /* PostgREST */ = {
			isa = XCSwiftPackageProductDependency;
			package = B698AC652D3335100086AF8C /* XCRemoteSwiftPackageReference "supabase-swift" */;
			productName = PostgREST;
		};
		B698AC6C2D3335110086AF8C /* Realtime */ = {
			isa = XCSwiftPackageProductDependency;
			package = B698AC652D3335100086AF8C /* XCRemoteSwiftPackageReference "supabase-swift" */;
			productName = Realtime;
		};
		B698AC6E2D3335110086AF8C /* Storage */ = {
			isa = XCSwiftPackageProductDependency;
			package = B698AC652D3335100086AF8C /* XCRemoteSwiftPackageReference "supabase-swift" */;
			productName = Storage;
		};
		B698AC702D33359C0086AF8C /* Auth */ = {
			isa = XCSwiftPackageProductDependency;
			productName = Auth;
		};
		B698AC722D33359C0086AF8C /* Functions */ = {
			isa = XCSwiftPackageProductDependency;
			productName = Functions;
		};
		B698AC742D33359C0086AF8C /* PostgREST */ = {
			isa = XCSwiftPackageProductDependency;
			productName = PostgREST;
		};
		B698AC762D33359C0086AF8C /* Realtime */ = {
			isa = XCSwiftPackageProductDependency;
			productName = Realtime;
		};
		B698AC782D33359C0086AF8C /* Storage */ = {
			isa = XCSwiftPackageProductDependency;
			productName = Storage;
		};
		B698AC7B2D3335F20086AF8C /* Supabase */ = {
			isa = XCSwiftPackageProductDependency;
			package = B698AC652D3335100086AF8C /* XCRemoteSwiftPackageReference "supabase-swift" */;
			productName = Supabase;
		};
		B6B1D4CC2D3D42A900251542 /* FirebaseMessaging */ = {
			isa = XCSwiftPackageProductDependency;
			package = B6B1D4CB2D3D42A900251542 /* XCRemoteSwiftPackageReference "firebase-ios-sdk" */;
			productName = FirebaseMessaging;
		};
		B6B1D4CE2D3D434E00251542 /* FirebaseCore */ = {
			isa = XCSwiftPackageProductDependency;
			package = B6B1D4CB2D3D42A900251542 /* XCRemoteSwiftPackageReference "firebase-ios-sdk" */;
			productName = FirebaseCore;
		};
/* End XCSwiftPackageProductDependency section */
	};
	rootObject = B698ABF32D330FC10086AF8C /* Project object */;
}
